
Microsoft Visual Studio Solution File, Format Version 12.00
# Visual Studio 15
VisualStudioVersion = 15.0.28307.329
MinimumVisualStudioVersion = 10.0.40219.1
Project("{FAE04EC0-301F-11D3-BF4B-00C04F79EFBC}") = "Mediaaffär", "Mediaaffär\Mediaaffär.csproj", "{1B78B6EF-0D80-4C8F-B658-0207D8445A8B}"
EndProject
Global
	GlobalSection(SolutionConfigurationPlatforms) = preSolution
		Debug|Any CPU = Debug|Any CPU
		Release|Any CPU = Release|Any CPU
	EndGlobalSection
	GlobalSection(ProjectConfigurationPlatforms) = postSolution
		{1B78B6EF-0D80-4C8F-B658-0207D8445A8B}.Debug|Any CPU.ActiveCfg = Debug|Any CPU
		{1B78B6EF-0D80-4C8F-B658-0207D8445A8B}.Debug|Any CPU.Build.0 = Debug|Any CPU
		{1B78B6EF-0D80-4C8F-B658-0207D8445A8B}.Release|Any CPU.ActiveCfg = Release|Any CPU
		{1B78B6EF-0D80-4C8F-B658-0207D8445A8B}.Release|Any CPU.Build.0 = Release|Any CPU
	EndGlobalSection
	GlobalSection(SolutionProperties) = preSolution
		HideSolutionNode = FALSE
	EndGlobalSection
	GlobalSection(ExtensibilityGlobals) = postSolution
		SolutionGuid = {57CB03A1-40E9-47AA-AE89-E6298CDA2435}
	EndGlobalSection
EndGlobal
